
Microsoft Visual Studio Solution File, Format Version 12.00
# Visual Studio Version 16
VisualStudioVersion = 16.0.31702.278
MinimumVisualStudioVersion = 10.0.40219.1
Project("{8BC9CEB8-8B4A-11D0-8D11-00A0C91BC942}") = "CSS342Program_1", "CSS342Program_1\CSS342Program_1.vcxproj", "{2E6A97D5-5D94-4119-B2A2-7897603948BF}"
EndProject
Global
	GlobalSection(SolutionConfigurationPlatforms) = preSolution
		Debug|x64 = Debug|x64
		Debug|x86 = Debug|x86
		Release|x64 = Release|x64
		Release|x86 = Release|x86
	EndGlobalSection
	GlobalSection(ProjectConfigurationPlatforms) = postSolution
		{2E6A97D5-5D94-4119-B2A2-7897603948BF}.Debug|x64.ActiveCfg = Debug|x64
		{2E6A97D5-5D94-4119-B2A2-7897603948BF}.Debug|x64.Build.0 = Debug|x64
		{2E6A97D5-5D94-4119-B2A2-7897603948BF}.Debug|x86.ActiveCfg = Debug|Win32
		{2E6A97D5-5D94-4119-B2A2-7897603948BF}.Debug|x86.Build.0 = Debug|Win32
		{2E6A97D5-5D94-4119-B2A2-7897603948BF}.Release|x64.ActiveCfg = Release|x64
		{2E6A97D5-5D94-4119-B2A2-7897603948BF}.Release|x64.Build.0 = Release|x64
		{2E6A97D5-5D94-4119-B2A2-7897603948BF}.Release|x86.ActiveCfg = Release|Win32
		{2E6A97D5-5D94-4119-B2A2-7897603948BF}.Release|x86.Build.0 = Release|Win32
	EndGlobalSection
	GlobalSection(SolutionProperties) = preSolution
		HideSolutionNode = FALSE
	EndGlobalSection
	GlobalSection(ExtensibilityGlobals) = postSolution
		SolutionGuid = {2DF36460-5D84-4851-98C5-495849255A4A}
	EndGlobalSection
EndGlobal
